// !$*UTF8*$!
{
	archiveVersion = 1;
	classes = {
	};
	objectVersion = 46;
	objects = {

/* Begin PBXBuildFile section */
		8C2E065D1A4AFEF70042C98B /* blend.vsh in Resources */ = {isa = PBXBuildFile; fileRef = 8C2E05A41A4AFEF70042C98B /* blend.vsh */; };
		8C2E065E1A4AFEF70042C98B /* colorburn.fsh in Resources */ = {isa = PBXBuildFile; fileRef = 8C2E05A51A4AFEF70042C98B /* colorburn.fsh */; };
		8C2E065F1A4AFEF70042C98B /* colordodge.fsh in Resources */ = {isa = PBXBuildFile; fileRef = 8C2E05A61A4AFEF70042C98B /* colordodge.fsh */; };
		8C2E06601A4AFEF70042C98B /* darken.fsh in Resources */ = {isa = PBXBuildFile; fileRef = 8C2E05A71A4AFEF70042C98B /* darken.fsh */; };
		8C2E06611A4AFEF70042C98B /* difference.fsh in Resources */ = {isa = PBXBuildFile; fileRef = 8C2E05A81A4AFEF70042C98B /* difference.fsh */; };
		8C2E06621A4AFEF70042C98B /* exclusion.fsh in Resources */ = {isa = PBXBuildFile; fileRef = 8C2E05A91A4AFEF70042C98B /* exclusion.fsh */; };
		8C2E06631A4AFEF70042C98B /* lighten.fsh in Resources */ = {isa = PBXBuildFile; fileRef = 8C2E05AA1A4AFEF70042C98B /* lighten.fsh */; };
		8C2E06641A4AFEF70042C98B /* multiply.fsh in Resources */ = {isa = PBXBuildFile; fileRef = 8C2E05AB1A4AFEF70042C98B /* multiply.fsh */; };
		8C2E06651A4AFEF70042C98B /* normal.fsh in Resources */ = {isa = PBXBuildFile; fileRef = 8C2E05AC1A4AFEF70042C98B /* normal.fsh */; };
		8C2E06661A4AFEF70042C98B /* overlay.fsh in Resources */ = {isa = PBXBuildFile; fileRef = 8C2E05AD1A4AFEF70042C98B /* overlay.fsh */; };
		8C2E06671A4AFEF70042C98B /* screen.fsh in Resources */ = {isa = PBXBuildFile; fileRef = 8C2E05AE1A4AFEF70042C98B /* screen.fsh */; };
		8C2E06681A4AFEF70042C98B /* blit.fsh in Resources */ = {isa = PBXBuildFile; fileRef = 8C2E05AF1A4AFEF70042C98B /* blit.fsh */; };
		8C2E06691A4AFEF70042C98B /* blit.vsh in Resources */ = {isa = PBXBuildFile; fileRef = 8C2E05B01A4AFEF70042C98B /* blit.vsh */; };
		8C2E066A1A4AFEF70042C98B /* blitFromHueChromaLuma.fsh in Resources */ = {isa = PBXBuildFile; fileRef = 8C2E05B11A4AFEF70042C98B /* blitFromHueChromaLuma.fsh */; };
		8C2E066B1A4AFEF70042C98B /* blitWithEraseMask.fsh in Resources */ = {isa = PBXBuildFile; fileRef = 8C2E05B21A4AFEF70042C98B /* blitWithEraseMask.fsh */; };
		8C2E066C1A4AFEF70042C98B /* blitWithMask.fsh in Resources */ = {isa = PBXBuildFile; fileRef = 8C2E05B31A4AFEF70042C98B /* blitWithMask.fsh */; };
		8C2E066D1A4AFEF70042C98B /* brush.fsh in Resources */ = {isa = PBXBuildFile; fileRef = 8C2E05B41A4AFEF70042C98B /* brush.fsh */; };
		8C2E066E1A4AFEF70042C98B /* brush.vsh in Resources */ = {isa = PBXBuildFile; fileRef = 8C2E05B51A4AFEF70042C98B /* brush.vsh */; };
		8C2E066F1A4AFEF70042C98B /* colorBalanceBlit.fsh in Resources */ = {isa = PBXBuildFile; fileRef = 8C2E05B61A4AFEF70042C98B /* colorBalanceBlit.fsh */; };
		8C2E06701A4AFEF70042C98B /* colorPicker.fsh in Resources */ = {isa = PBXBuildFile; fileRef = 8C2E05B71A4AFEF70042C98B /* colorPicker.fsh */; };
		8C2E06711A4AFEF70042C98B /* compositeWithEraseMask.fsh in Resources */ = {isa = PBXBuildFile; fileRef = 8C2E05B81A4AFEF70042C98B /* compositeWithEraseMask.fsh */; };
		8C2E06721A4AFEF70042C98B /* compositeWithMask.fsh in Resources */ = {isa = PBXBuildFile; fileRef = 8C2E05B91A4AFEF70042C98B /* compositeWithMask.fsh */; };
		8C2E06731A4AFEF70042C98B /* desaturate.fsh in Resources */ = {isa = PBXBuildFile; fileRef = 8C2E05BA1A4AFEF70042C98B /* desaturate.fsh */; };
		8C2E06741A4AFEF70042C98B /* fill.fsh in Resources */ = {isa = PBXBuildFile; fileRef = 8C2E05BB1A4AFEF70042C98B /* fill.fsh */; };
		8C2E06751A4AFEF70042C98B /* invert.fsh in Resources */ = {isa = PBXBuildFile; fileRef = 8C2E05BC1A4AFEF70042C98B /* invert.fsh */; };
		8C2E06761A4AFEF70042C98B /* merge.fsh in Resources */ = {isa = PBXBuildFile; fileRef = 8C2E05BD1A4AFEF70042C98B /* merge.fsh */; };
		8C2E06771A4AFEF70042C98B /* nonPremultipliedBlit.fsh in Resources */ = {isa = PBXBuildFile; fileRef = 8C2E05BE1A4AFEF70042C98B /* nonPremultipliedBlit.fsh */; };
		8C2E06781A4AFEF70042C98B /* simple.fsh in Resources */ = {isa = PBXBuildFile; fileRef = 8C2E05BF1A4AFEF70042C98B /* simple.fsh */; };
		8C2E06791A4AFEF70042C98B /* simple.vsh in Resources */ = {isa = PBXBuildFile; fileRef = 8C2E05C01A4AFEF70042C98B /* simple.vsh */; };
		8C2E067A1A4AFEF70042C98B /* straightBlit.fsh in Resources */ = {isa = PBXBuildFile; fileRef = 8C2E05C11A4AFEF70042C98B /* straightBlit.fsh */; };
		8C2E067B1A4AFEF70042C98B /* toHueChromaLuma.fsh in Resources */ = {isa = PBXBuildFile; fileRef = 8C2E05C21A4AFEF70042C98B /* toHueChromaLuma.fsh */; };
		8C2E067C1A4AFEF70042C98B /* unPremultipliedBlit.fsh in Resources */ = {isa = PBXBuildFile; fileRef = 8C2E05C31A4AFEF70042C98B /* unPremultipliedBlit.fsh */; };
		8C2E06811A4AFF2E0042C98B /* AudioToolbox.framework in Frameworks */ = {isa = PBXBuildFile; fileRef = 8C2E06801A4AFF2E0042C98B /* AudioToolbox.framework */; };
		8C2E06831A4AFF3A0042C98B /* MobileCoreServices.framework in Frameworks */ = {isa = PBXBuildFile; fileRef = 8C2E06821A4AFF3A0042C98B /* MobileCoreServices.framework */; };
		8C2E06851A4AFF460042C98B /* Accelerate.framework in Frameworks */ = {isa = PBXBuildFile; fileRef = 8C2E06841A4AFF460042C98B /* Accelerate.framework */; };
		8C2E06871A4AFF690042C98B /* CoreText.framework in Frameworks */ = {isa = PBXBuildFile; fileRef = 8C2E06861A4AFF690042C98B /* CoreText.framework */; };
		8C2E06891A4AFF860042C98B /* libz.dylib in Frameworks */ = {isa = PBXBuildFile; fileRef = 8C2E06881A4AFF860042C98B /* libz.dylib */; };
		8C33EC93197FAAA800A94FED /* YinKeFilter.m in Sources */ = {isa = PBXBuildFile; fileRef = 8C33EC92197FAAA800A94FED /* YinKeFilter.m */; };
		8C33EC971980B24D00A94FED /* ALAssetsLibrary+CustomPhotoAlbum.m in Sources */ = {isa = PBXBuildFile; fileRef = 8C33EC961980B24D00A94FED /* ALAssetsLibrary+CustomPhotoAlbum.m */; };
		8C33EC9A1980ED2800A94FED /* ImageEditViewController.m in Sources */ = {isa = PBXBuildFile; fileRef = 8C33EC991980ED2800A94FED /* ImageEditViewController.m */; };
		8C82ED0A193235A20055C5E2 /* Foundation.framework in Frameworks */ = {isa = PBXBuildFile; fileRef = 8C82ED09193235A20055C5E2 /* Foundation.framework */; };
		8C82ED0C193235A20055C5E2 /* CoreGraphics.framework in Frameworks */ = {isa = PBXBuildFile; fileRef = 8C82ED0B193235A20055C5E2 /* CoreGraphics.framework */; };
		8C82ED0E193235A20055C5E2 /* UIKit.framework in Frameworks */ = {isa = PBXBuildFile; fileRef = 8C82ED0D193235A20055C5E2 /* UIKit.framework */; };
		8C82ED14193235A20055C5E2 /* InfoPlist.strings in Resources */ = {isa = PBXBuildFile; fileRef = 8C82ED12193235A20055C5E2 /* InfoPlist.strings */; };
		8C82ED16193235A20055C5E2 /* main.m in Sources */ = {isa = PBXBuildFile; fileRef = 8C82ED15193235A20055C5E2 /* main.m */; };
		8C82ED1A193235A20055C5E2 /* PaperCutAppDelegate.m in Sources */ = {isa = PBXBuildFile; fileRef = 8C82ED19193235A20055C5E2 /* PaperCutAppDelegate.m */; };
		8C82ED1D193235A20055C5E2 /* Main.storyboard in Resources */ = {isa = PBXBuildFile; fileRef = 8C82ED1B193235A20055C5E2 /* Main.storyboard */; };
		8C82ED20193235A20055C5E2 /* RootViewController.m in Sources */ = {isa = PBXBuildFile; fileRef = 8C82ED1F193235A20055C5E2 /* RootViewController.m */; };
		8C82ED22193235A20055C5E2 /* Images.xcassets in Resources */ = {isa = PBXBuildFile; fileRef = 8C82ED21193235A20055C5E2 /* Images.xcassets */; };
		8C82ED29193235A20055C5E2 /* XCTest.framework in Frameworks */ = {isa = PBXBuildFile; fileRef = 8C82ED28193235A20055C5E2 /* XCTest.framework */; };
		8C82ED2A193235A20055C5E2 /* Foundation.framework in Frameworks */ = {isa = PBXBuildFile; fileRef = 8C82ED09193235A20055C5E2 /* Foundation.framework */; };
		8C82ED2B193235A20055C5E2 /* UIKit.framework in Frameworks */ = {isa = PBXBuildFile; fileRef = 8C82ED0D193235A20055C5E2 /* UIKit.framework */; };
		8C82ED33193235A20055C5E2 /* InfoPlist.strings in Resources */ = {isa = PBXBuildFile; fileRef = 8C82ED31193235A20055C5E2 /* InfoPlist.strings */; };
		8C82ED35193235A20055C5E2 /* PapercutTests.m in Sources */ = {isa = PBXBuildFile; fileRef = 8C82ED34193235A20055C5E2 /* PapercutTests.m */; };
		8C84463C193587A5004F4184 /* PCVideoCamera.m in Sources */ = {isa = PBXBuildFile; fileRef = 8C84463B193587A5004F4184 /* PCVideoCamera.m */; };
		8CD33EA11981FD0D005B0569 /* UIImage+vImage.m in Sources */ = {isa = PBXBuildFile; fileRef = 8CD33EA01981FD0D005B0569 /* UIImage+vImage.m */; };
		8CD33EA51981FD80005B0569 /* UIImage+Blend.m in Sources */ = {isa = PBXBuildFile; fileRef = 8CD33EA41981FD80005B0569 /* UIImage+Blend.m */; };
		8CD33EA8198291E8005B0569 /* EditManager.m in Sources */ = {isa = PBXBuildFile; fileRef = 8CD33EA7198291E8005B0569 /* EditManager.m */; };
		8CDF16D21933261D00112023 /* CoreMedia.framework in Frameworks */ = {isa = PBXBuildFile; fileRef = 8CDF16D11933261D00112023 /* CoreMedia.framework */; };
		8CDF16D41933262700112023 /* CoreVideo.framework in Frameworks */ = {isa = PBXBuildFile; fileRef = 8CDF16D31933262700112023 /* CoreVideo.framework */; };
		8CDF16D61933262F00112023 /* OpenGLES.framework in Frameworks */ = {isa = PBXBuildFile; fileRef = 8CDF16D51933262F00112023 /* OpenGLES.framework */; };
		8CDF16D81933263500112023 /* AVFoundation.framework in Frameworks */ = {isa = PBXBuildFile; fileRef = 8CDF16D71933263500112023 /* AVFoundation.framework */; };
		8CDF16DA1933263E00112023 /* QuartzCore.framework in Frameworks */ = {isa = PBXBuildFile; fileRef = 8CDF16D91933263E00112023 /* QuartzCore.framework */; };
		8CDF16E91933305A00112023 /* ShowCameraViewController.m in Sources */ = {isa = PBXBuildFile; fileRef = 8CDF16E81933305A00112023 /* ShowCameraViewController.m */; };
		8CDF16FE193332AE00112023 /* libGPUImage.a in Frameworks */ = {isa = PBXBuildFile; fileRef = 8CDF16FB1933328700112023 /* libGPUImage.a */; };
		8CFC41571939CE82006EFC6B /* YangKeFilter.m in Sources */ = {isa = PBXBuildFile; fileRef = 8CFC41561939CE82006EFC6B /* YangKeFilter.m */; };
/* End PBXBuildFile section */

/* Begin PBXContainerItemProxy section */
		8C82ED2C193235A20055C5E2 /* PBXContainerItemProxy */ = {
			isa = PBXContainerItemProxy;
			containerPortal = 8C82ECFE193235A10055C5E2 /* Project object */;
			proxyType = 1;
			remoteGlobalIDString = 8C82ED05193235A20055C5E2;
			remoteInfo = Papercut;
		};
		8CDF16FA1933328700112023 /* PBXContainerItemProxy */ = {
			isa = PBXContainerItemProxy;
			containerPortal = 8CDF16F41933328600112023 /* GPUImage.xcodeproj */;
			proxyType = 2;
			remoteGlobalIDString = BCF1A33414DDB1EC00852800;
			remoteInfo = GPUImage;
		};
		8CDF16FC1933328700112023 /* PBXContainerItemProxy */ = {
			isa = PBXContainerItemProxy;
			containerPortal = 8CDF16F41933328600112023 /* GPUImage.xcodeproj */;
			proxyType = 2;
			remoteGlobalIDString = BCF1A34414DDB1EC00852800;
			remoteInfo = GPUImageTests;
		};
/* End PBXContainerItemProxy section */

/* Begin PBXFileReference section */
		8C2E05A41A4AFEF70042C98B /* blend.vsh */ = {isa = PBXFileReference; fileEncoding = 4; lastKnownFileType = sourcecode.glsl; path = blend.vsh; sourceTree = "<group>"; };
		8C2E05A51A4AFEF70042C98B /* colorburn.fsh */ = {isa = PBXFileReference; fileEncoding = 4; lastKnownFileType = sourcecode.glsl; path = colorburn.fsh; sourceTree = "<group>"; };
		8C2E05A61A4AFEF70042C98B /* colordodge.fsh */ = {isa = PBXFileReference; fileEncoding = 4; lastKnownFileType = sourcecode.glsl; path = colordodge.fsh; sourceTree = "<group>"; };
		8C2E05A71A4AFEF70042C98B /* darken.fsh */ = {isa = PBXFileReference; fileEncoding = 4; lastKnownFileType = sourcecode.glsl; path = darken.fsh; sourceTree = "<group>"; };
		8C2E05A81A4AFEF70042C98B /* difference.fsh */ = {isa = PBXFileReference; fileEncoding = 4; lastKnownFileType = sourcecode.glsl; path = difference.fsh; sourceTree = "<group>"; };
		8C2E05A91A4AFEF70042C98B /* exclusion.fsh */ = {isa = PBXFileReference; fileEncoding = 4; lastKnownFileType = sourcecode.glsl; path = exclusion.fsh; sourceTree = "<group>"; };
		8C2E05AA1A4AFEF70042C98B /* lighten.fsh */ = {isa = PBXFileReference; fileEncoding = 4; lastKnownFileType = sourcecode.glsl; path = lighten.fsh; sourceTree = "<group>"; };
		8C2E05AB1A4AFEF70042C98B /* multiply.fsh */ = {isa = PBXFileReference; fileEncoding = 4; lastKnownFileType = sourcecode.glsl; path = multiply.fsh; sourceTree = "<group>"; };
		8C2E05AC1A4AFEF70042C98B /* normal.fsh */ = {isa = PBXFileReference; fileEncoding = 4; lastKnownFileType = sourcecode.glsl; path = normal.fsh; sourceTree = "<group>"; };
		8C2E05AD1A4AFEF70042C98B /* overlay.fsh */ = {isa = PBXFileReference; fileEncoding = 4; lastKnownFileType = sourcecode.glsl; path = overlay.fsh; sourceTree = "<group>"; };
		8C2E05AE1A4AFEF70042C98B /* screen.fsh */ = {isa = PBXFileReference; fileEncoding = 4; lastKnownFileType = sourcecode.glsl; path = screen.fsh; sourceTree = "<group>"; };
		8C2E05AF1A4AFEF70042C98B /* blit.fsh */ = {isa = PBXFileReference; fileEncoding = 4; lastKnownFileType = sourcecode.glsl; path = blit.fsh; sourceTree = "<group>"; };
		8C2E05B01A4AFEF70042C98B /* blit.vsh */ = {isa = PBXFileReference; fileEncoding = 4; lastKnownFileType = sourcecode.glsl; path = blit.vsh; sourceTree = "<group>"; };
		8C2E05B11A4AFEF70042C98B /* blitFromHueChromaLuma.fsh */ = {isa = PBXFileReference; fileEncoding = 4; lastKnownFileType = sourcecode.glsl; path = blitFromHueChromaLuma.fsh; sourceTree = "<group>"; };
		8C2E05B21A4AFEF70042C98B /* blitWithEraseMask.fsh */ = {isa = PBXFileReference; fileEncoding = 4; lastKnownFileType = sourcecode.glsl; path = blitWithEraseMask.fsh; sourceTree = "<group>"; };
		8C2E05B31A4AFEF70042C98B /* blitWithMask.fsh */ = {isa = PBXFileReference; fileEncoding = 4; lastKnownFileType = sourcecode.glsl; path = blitWithMask.fsh; sourceTree = "<group>"; };
		8C2E05B41A4AFEF70042C98B /* brush.fsh */ = {isa = PBXFileReference; fileEncoding = 4; lastKnownFileType = sourcecode.glsl; path = brush.fsh; sourceTree = "<group>"; };
		8C2E05B51A4AFEF70042C98B /* brush.vsh */ = {isa = PBXFileReference; fileEncoding = 4; lastKnownFileType = sourcecode.glsl; path = brush.vsh; sourceTree = "<group>"; };
		8C2E05B61A4AFEF70042C98B /* colorBalanceBlit.fsh */ = {isa = PBXFileReference; fileEncoding = 4; lastKnownFileType = sourcecode.glsl; path = colorBalanceBlit.fsh; sourceTree = "<group>"; };
		8C2E05B71A4AFEF70042C98B /* colorPicker.fsh */ = {isa = PBXFileReference; fileEncoding = 4; lastKnownFileType = sourcecode.glsl; path = colorPicker.fsh; sourceTree = "<group>"; };
		8C2E05B81A4AFEF70042C98B /* compositeWithEraseMask.fsh */ = {isa = PBXFileReference; fileEncoding = 4; lastKnownFileType = sourcecode.glsl; path = compositeWithEraseMask.fsh; sourceTree = "<group>"; };
		8C2E05B91A4AFEF70042C98B /* compositeWithMask.fsh */ = {isa = PBXFileReference; fileEncoding = 4; lastKnownFileType = sourcecode.glsl; path = compositeWithMask.fsh; sourceTree = "<group>"; };
		8C2E05BA1A4AFEF70042C98B /* desaturate.fsh */ = {isa = PBXFileReference; fileEncoding = 4; lastKnownFileType = sourcecode.glsl; path = desaturate.fsh; sourceTree = "<group>"; };
		8C2E05BB1A4AFEF70042C98B /* fill.fsh */ = {isa = PBXFileReference; fileEncoding = 4; lastKnownFileType = sourcecode.glsl; path = fill.fsh; sourceTree = "<group>"; };
		8C2E05BC1A4AFEF70042C98B /* invert.fsh */ = {isa = PBXFileReference; fileEncoding = 4; lastKnownFileType = sourcecode.glsl; path = invert.fsh; sourceTree = "<group>"; };
		8C2E05BD1A4AFEF70042C98B /* merge.fsh */ = {isa = PBXFileReference; fileEncoding = 4; lastKnownFileType = sourcecode.glsl; path = merge.fsh; sourceTree = "<group>"; };
		8C2E05BE1A4AFEF70042C98B /* nonPremultipliedBlit.fsh */ = {isa = PBXFileReference; fileEncoding = 4; lastKnownFileType = sourcecode.glsl; path = nonPremultipliedBlit.fsh; sourceTree = "<group>"; };
		8C2E05BF1A4AFEF70042C98B /* simple.fsh */ = {isa = PBXFileReference; fileEncoding = 4; lastKnownFileType = sourcecode.glsl; path = simple.fsh; sourceTree = "<group>"; };
		8C2E05C01A4AFEF70042C98B /* simple.vsh */ = {isa = PBXFileReference; fileEncoding = 4; lastKnownFileType = sourcecode.glsl; path = simple.vsh; sourceTree = "<group>"; };
		8C2E05C11A4AFEF70042C98B /* straightBlit.fsh */ = {isa = PBXFileReference; fileEncoding = 4; lastKnownFileType = sourcecode.glsl; path = straightBlit.fsh; sourceTree = "<group>"; };
		8C2E05C21A4AFEF70042C98B /* toHueChromaLuma.fsh */ = {isa = PBXFileReference; fileEncoding = 4; lastKnownFileType = sourcecode.glsl; path = toHueChromaLuma.fsh; sourceTree = "<group>"; };
		8C2E05C31A4AFEF70042C98B /* unPremultipliedBlit.fsh */ = {isa = PBXFileReference; fileEncoding = 4; lastKnownFileType = sourcecode.glsl; path = unPremultipliedBlit.fsh; sourceTree = "<group>"; };
		8C2E06801A4AFF2E0042C98B /* AudioToolbox.framework */ = {isa = PBXFileReference; lastKnownFileType = wrapper.framework; name = AudioToolbox.framework; path = System/Library/Frameworks/AudioToolbox.framework; sourceTree = SDKROOT; };
		8C2E06821A4AFF3A0042C98B /* MobileCoreServices.framework */ = {isa = PBXFileReference; lastKnownFileType = wrapper.framework; name = MobileCoreServices.framework; path = System/Library/Frameworks/MobileCoreServices.framework; sourceTree = SDKROOT; };
		8C2E06841A4AFF460042C98B /* Accelerate.framework */ = {isa = PBXFileReference; lastKnownFileType = wrapper.framework; name = Accelerate.framework; path = System/Library/Frameworks/Accelerate.framework; sourceTree = SDKROOT; };
		8C2E06861A4AFF690042C98B /* CoreText.framework */ = {isa = PBXFileReference; lastKnownFileType = wrapper.framework; name = CoreText.framework; path = System/Library/Frameworks/CoreText.framework; sourceTree = SDKROOT; };
		8C2E06881A4AFF860042C98B /* libz.dylib */ = {isa = PBXFileReference; lastKnownFileType = "compiled.mach-o.dylib"; name = libz.dylib; path = usr/lib/libz.dylib; sourceTree = SDKROOT; };
		8C33EC91197FAAA800A94FED /* YinKeFilter.h */ = {isa = PBXFileReference; fileEncoding = 4; lastKnownFileType = sourcecode.c.h; path = YinKeFilter.h; sourceTree = "<group>"; };
		8C33EC92197FAAA800A94FED /* YinKeFilter.m */ = {isa = PBXFileReference; fileEncoding = 4; lastKnownFileType = sourcecode.c.objc; path = YinKeFilter.m; sourceTree = "<group>"; };
		8C33EC951980B24D00A94FED /* ALAssetsLibrary+CustomPhotoAlbum.h */ = {isa = PBXFileReference; fileEncoding = 4; lastKnownFileType = sourcecode.c.h; path = "ALAssetsLibrary+CustomPhotoAlbum.h"; sourceTree = "<group>"; };
		8C33EC961980B24D00A94FED /* ALAssetsLibrary+CustomPhotoAlbum.m */ = {isa = PBXFileReference; fileEncoding = 4; lastKnownFileType = sourcecode.c.objc; path = "ALAssetsLibrary+CustomPhotoAlbum.m"; sourceTree = "<group>"; };
		8C33EC981980ED2800A94FED /* ImageEditViewController.h */ = {isa = PBXFileReference; fileEncoding = 4; lastKnownFileType = sourcecode.c.h; path = ImageEditViewController.h; sourceTree = "<group>"; };
		8C33EC991980ED2800A94FED /* ImageEditViewController.m */ = {isa = PBXFileReference; fileEncoding = 4; lastKnownFileType = sourcecode.c.objc; path = ImageEditViewController.m; sourceTree = "<group>"; };
		8C82ED06193235A20055C5E2 /* Papercut.app */ = {isa = PBXFileReference; explicitFileType = wrapper.application; includeInIndex = 0; path = Papercut.app; sourceTree = BUILT_PRODUCTS_DIR; };
		8C82ED09193235A20055C5E2 /* Foundation.framework */ = {isa = PBXFileReference; lastKnownFileType = wrapper.framework; name = Foundation.framework; path = System/Library/Frameworks/Foundation.framework; sourceTree = SDKROOT; };
		8C82ED0B193235A20055C5E2 /* CoreGraphics.framework */ = {isa = PBXFileReference; lastKnownFileType = wrapper.framework; name = CoreGraphics.framework; path = System/Library/Frameworks/CoreGraphics.framework; sourceTree = SDKROOT; };
		8C82ED0D193235A20055C5E2 /* UIKit.framework */ = {isa = PBXFileReference; lastKnownFileType = wrapper.framework; name = UIKit.framework; path = System/Library/Frameworks/UIKit.framework; sourceTree = SDKROOT; };
		8C82ED11193235A20055C5E2 /* Papercut-Info.plist */ = {isa = PBXFileReference; lastKnownFileType = text.plist.xml; path = "Papercut-Info.plist"; sourceTree = "<group>"; };
		8C82ED13193235A20055C5E2 /* en */ = {isa = PBXFileReference; lastKnownFileType = text.plist.strings; name = en; path = en.lproj/InfoPlist.strings; sourceTree = "<group>"; };
		8C82ED15193235A20055C5E2 /* main.m */ = {isa = PBXFileReference; lastKnownFileType = sourcecode.c.objc; path = main.m; sourceTree = "<group>"; };
		8C82ED17193235A20055C5E2 /* Papercut-Prefix.pch */ = {isa = PBXFileReference; lastKnownFileType = sourcecode.c.h; path = "Papercut-Prefix.pch"; sourceTree = "<group>"; };
		8C82ED18193235A20055C5E2 /* PaperCutAppDelegate.h */ = {isa = PBXFileReference; lastKnownFileType = sourcecode.c.h; path = PaperCutAppDelegate.h; sourceTree = "<group>"; };
		8C82ED19193235A20055C5E2 /* PaperCutAppDelegate.m */ = {isa = PBXFileReference; lastKnownFileType = sourcecode.c.objc; path = PaperCutAppDelegate.m; sourceTree = "<group>"; };
		8C82ED1C193235A20055C5E2 /* Base */ = {isa = PBXFileReference; lastKnownFileType = file.storyboard; name = Base; path = Base.lproj/Main.storyboard; sourceTree = "<group>"; };
		8C82ED1E193235A20055C5E2 /* RootViewController.h */ = {isa = PBXFileReference; lastKnownFileType = sourcecode.c.h; path = RootViewController.h; sourceTree = "<group>"; };
		8C82ED1F193235A20055C5E2 /* RootViewController.m */ = {isa = PBXFileReference; lastKnownFileType = sourcecode.c.objc; path = RootViewController.m; sourceTree = "<group>"; };
		8C82ED21193235A20055C5E2 /* Images.xcassets */ = {isa = PBXFileReference; lastKnownFileType = folder.assetcatalog; path = Images.xcassets; sourceTree = "<group>"; };
		8C82ED27193235A20055C5E2 /* PapercutTests.xctest */ = {isa = PBXFileReference; explicitFileType = wrapper.cfbundle; includeInIndex = 0; path = PapercutTests.xctest; sourceTree = BUILT_PRODUCTS_DIR; };
		8C82ED28193235A20055C5E2 /* XCTest.framework */ = {isa = PBXFileReference; lastKnownFileType = wrapper.framework; name = XCTest.framework; path = Library/Frameworks/XCTest.framework; sourceTree = DEVELOPER_DIR; };
		8C82ED30193235A20055C5E2 /* PapercutTests-Info.plist */ = {isa = PBXFileReference; lastKnownFileType = text.plist.xml; path = "PapercutTests-Info.plist"; sourceTree = "<group>"; };
		8C82ED32193235A20055C5E2 /* en */ = {isa = PBXFileReference; lastKnownFileType = text.plist.strings; name = en; path = en.lproj/InfoPlist.strings; sourceTree = "<group>"; };
		8C82ED34193235A20055C5E2 /* PapercutTests.m */ = {isa = PBXFileReference; lastKnownFileType = sourcecode.c.objc; path = PapercutTests.m; sourceTree = "<group>"; };
		8C84463A193587A5004F4184 /* PCVideoCamera.h */ = {isa = PBXFileReference; fileEncoding = 4; lastKnownFileType = sourcecode.c.h; path = PCVideoCamera.h; sourceTree = "<group>"; };
		8C84463B193587A5004F4184 /* PCVideoCamera.m */ = {isa = PBXFileReference; fileEncoding = 4; lastKnownFileType = sourcecode.c.objc; path = PCVideoCamera.m; sourceTree = "<group>"; };
		8C84464019358A4E004F4184 /* PapercutFilter.h */ = {isa = PBXFileReference; fileEncoding = 4; lastKnownFileType = sourcecode.c.h; path = PapercutFilter.h; sourceTree = "<group>"; };
		8CD33E9F1981FD0D005B0569 /* UIImage+vImage.h */ = {isa = PBXFileReference; fileEncoding = 4; lastKnownFileType = sourcecode.c.h; path = "UIImage+vImage.h"; sourceTree = "<group>"; };
		8CD33EA01981FD0D005B0569 /* UIImage+vImage.m */ = {isa = PBXFileReference; fileEncoding = 4; lastKnownFileType = sourcecode.c.objc; path = "UIImage+vImage.m"; sourceTree = "<group>"; };
		8CD33EA31981FD80005B0569 /* UIImage+Blend.h */ = {isa = PBXFileReference; fileEncoding = 4; lastKnownFileType = sourcecode.c.h; path = "UIImage+Blend.h"; sourceTree = "<group>"; };
		8CD33EA41981FD80005B0569 /* UIImage+Blend.m */ = {isa = PBXFileReference; fileEncoding = 4; lastKnownFileType = sourcecode.c.objc; path = "UIImage+Blend.m"; sourceTree = "<group>"; };
		8CD33EA6198291E8005B0569 /* EditManager.h */ = {isa = PBXFileReference; fileEncoding = 4; lastKnownFileType = sourcecode.c.h; path = EditManager.h; sourceTree = "<group>"; };
		8CD33EA7198291E8005B0569 /* EditManager.m */ = {isa = PBXFileReference; fileEncoding = 4; lastKnownFileType = sourcecode.c.objc; path = EditManager.m; sourceTree = "<group>"; };
		8CDF16D11933261D00112023 /* CoreMedia.framework */ = {isa = PBXFileReference; lastKnownFileType = wrapper.framework; name = CoreMedia.framework; path = System/Library/Frameworks/CoreMedia.framework; sourceTree = SDKROOT; };
		8CDF16D31933262700112023 /* CoreVideo.framework */ = {isa = PBXFileReference; lastKnownFileType = wrapper.framework; name = CoreVideo.framework; path = System/Library/Frameworks/CoreVideo.framework; sourceTree = SDKROOT; };
		8CDF16D51933262F00112023 /* OpenGLES.framework */ = {isa = PBXFileReference; lastKnownFileType = wrapper.framework; name = OpenGLES.framework; path = System/Library/Frameworks/OpenGLES.framework; sourceTree = SDKROOT; };
		8CDF16D71933263500112023 /* AVFoundation.framework */ = {isa = PBXFileReference; lastKnownFileType = wrapper.framework; name = AVFoundation.framework; path = System/Library/Frameworks/AVFoundation.framework; sourceTree = SDKROOT; };
		8CDF16D91933263E00112023 /* QuartzCore.framework */ = {isa = PBXFileReference; lastKnownFileType = wrapper.framework; name = QuartzCore.framework; path = System/Library/Frameworks/QuartzCore.framework; sourceTree = SDKROOT; };
		8CDF16E71933305A00112023 /* ShowCameraViewController.h */ = {isa = PBXFileReference; fileEncoding = 4; lastKnownFileType = sourcecode.c.h; path = ShowCameraViewController.h; sourceTree = "<group>"; };
		8CDF16E81933305A00112023 /* ShowCameraViewController.m */ = {isa = PBXFileReference; fileEncoding = 4; lastKnownFileType = sourcecode.c.objc; path = ShowCameraViewController.m; sourceTree = "<group>"; };
		8CDF16F41933328600112023 /* GPUImage.xcodeproj */ = {isa = PBXFileReference; lastKnownFileType = "wrapper.pb-project"; name = GPUImage.xcodeproj; path = framework/GPUImage.xcodeproj; sourceTree = "<group>"; };
		8CFC41551939CE82006EFC6B /* YangKeFilter.h */ = {isa = PBXFileReference; fileEncoding = 4; lastKnownFileType = sourcecode.c.h; path = YangKeFilter.h; sourceTree = "<group>"; };
		8CFC41561939CE82006EFC6B /* YangKeFilter.m */ = {isa = PBXFileReference; fileEncoding = 4; lastKnownFileType = sourcecode.c.objc; path = YangKeFilter.m; sourceTree = "<group>"; };
/* End PBXFileReference section */

/* Begin PBXFrameworksBuildPhase section */
		8C82ED03193235A20055C5E2 /* Frameworks */ = {
			isa = PBXFrameworksBuildPhase;
			buildActionMask = 2147483647;
			files = (
				8C2E06891A4AFF860042C98B /* libz.dylib in Frameworks */,
				8CDF16D81933263500112023 /* AVFoundation.framework in Frameworks */,
				8C2E06871A4AFF690042C98B /* CoreText.framework in Frameworks */,
				8CDF16D41933262700112023 /* CoreVideo.framework in Frameworks */,
				8C82ED0C193235A20055C5E2 /* CoreGraphics.framework in Frameworks */,
				8C2E06851A4AFF460042C98B /* Accelerate.framework in Frameworks */,
				8C2E06831A4AFF3A0042C98B /* MobileCoreServices.framework in Frameworks */,
				8C2E06811A4AFF2E0042C98B /* AudioToolbox.framework in Frameworks */,
				8CDF16D61933262F00112023 /* OpenGLES.framework in Frameworks */,
				8CDF16FE193332AE00112023 /* libGPUImage.a in Frameworks */,
				8CDF16DA1933263E00112023 /* QuartzCore.framework in Frameworks */,
				8CDF16D21933261D00112023 /* CoreMedia.framework in Frameworks */,
				8C82ED0E193235A20055C5E2 /* UIKit.framework in Frameworks */,
				8C82ED0A193235A20055C5E2 /* Foundation.framework in Frameworks */,
			);
			runOnlyForDeploymentPostprocessing = 0;
		};
		8C82ED24193235A20055C5E2 /* Frameworks */ = {
			isa = PBXFrameworksBuildPhase;
			buildActionMask = 2147483647;
			files = (
				8C82ED29193235A20055C5E2 /* XCTest.framework in Frameworks */,
				8C82ED2B193235A20055C5E2 /* UIKit.framework in Frameworks */,
				8C82ED2A193235A20055C5E2 /* Foundation.framework in Frameworks */,
			);
			runOnlyForDeploymentPostprocessing = 0;
		};
/* End PBXFrameworksBuildPhase section */

/* Begin PBXGroup section */
		8C250CB91934CA3A0089945F /* Camera */ = {
			isa = PBXGroup;
			children = (
				8CD33EA21981FD80005B0569 /* UIImage+blend */,
				8CD33E9E1981FD0D005B0569 /* UIImage+vImage */,
				8C33EC941980B23B00A94FED /* custom_album */,
				8C33EC90197FA7F000A94FED /* filters */,
				8CDF16E71933305A00112023 /* ShowCameraViewController.h */,
				8CDF16E81933305A00112023 /* ShowCameraViewController.m */,
				8C33EC981980ED2800A94FED /* ImageEditViewController.h */,
				8C33EC991980ED2800A94FED /* ImageEditViewController.m */,
				8C84463A193587A5004F4184 /* PCVideoCamera.h */,
				8C84463B193587A5004F4184 /* PCVideoCamera.m */,
				8C84464019358A4E004F4184 /* PapercutFilter.h */,
				8CD33EA6198291E8005B0569 /* EditManager.h */,
				8CD33EA7198291E8005B0569 /* EditManager.m */,
			);
			name = Camera;
			sourceTree = "<group>";
		};
		8C250CBB1934CA670089945F /* Scrawl */ = {
			isa = PBXGroup;
			children = (
			);
			name = Scrawl;
			sourceTree = "<group>";
		};
		8C250CBC1934CA790089945F /* Welcome */ = {
			isa = PBXGroup;
			children = (
			);
			name = Welcome;
			sourceTree = "<group>";
		};
		8C250CBD1934CA820089945F /* Gallery */ = {
			isa = PBXGroup;
			children = (
			);
			name = Gallery;
			sourceTree = "<group>";
		};
		8C250CBE1934CAC10089945F /* Learn */ = {
			isa = PBXGroup;
			children = (
			);
			name = Learn;
			sourceTree = "<group>";
		};
		8C2E04691A4AFEF60042C98B /* Brushes */ = {
			isa = PBXGroup;
			children = (
				8C2E05A21A4AFEF70042C98B /* Shaders */,
			);
			path = Brushes;
			sourceTree = "<group>";
		};
		8C2E05A21A4AFEF70042C98B /* Shaders */ = {
			isa = PBXGroup;
			children = (
				8C2E05A31A4AFEF70042C98B /* Blend */,
				8C2E05AF1A4AFEF70042C98B /* blit.fsh */,
				8C2E05B01A4AFEF70042C98B /* blit.vsh */,
				8C2E05B11A4AFEF70042C98B /* blitFromHueChromaLuma.fsh */,
				8C2E05B21A4AFEF70042C98B /* blitWithEraseMask.fsh */,
				8C2E05B31A4AFEF70042C98B /* blitWithMask.fsh */,
				8C2E05B41A4AFEF70042C98B /* brush.fsh */,
				8C2E05B51A4AFEF70042C98B /* brush.vsh */,
				8C2E05B61A4AFEF70042C98B /* colorBalanceBlit.fsh */,
				8C2E05B71A4AFEF70042C98B /* colorPicker.fsh */,
				8C2E05B81A4AFEF70042C98B /* compositeWithEraseMask.fsh */,
				8C2E05B91A4AFEF70042C98B /* compositeWithMask.fsh */,
				8C2E05BA1A4AFEF70042C98B /* desaturate.fsh */,
				8C2E05BB1A4AFEF70042C98B /* fill.fsh */,
				8C2E05BC1A4AFEF70042C98B /* invert.fsh */,
				8C2E05BD1A4AFEF70042C98B /* merge.fsh */,
				8C2E05BE1A4AFEF70042C98B /* nonPremultipliedBlit.fsh */,
				8C2E05BF1A4AFEF70042C98B /* simple.fsh */,
				8C2E05C01A4AFEF70042C98B /* simple.vsh */,
				8C2E05C11A4AFEF70042C98B /* straightBlit.fsh */,
				8C2E05C21A4AFEF70042C98B /* toHueChromaLuma.fsh */,
				8C2E05C31A4AFEF70042C98B /* unPremultipliedBlit.fsh */,
			);
			path = Shaders;
			sourceTree = "<group>";
		};
		8C2E05A31A4AFEF70042C98B /* Blend */ = {
			isa = PBXGroup;
			children = (
				8C2E05A41A4AFEF70042C98B /* blend.vsh */,
				8C2E05A51A4AFEF70042C98B /* colorburn.fsh */,
				8C2E05A61A4AFEF70042C98B /* colordodge.fsh */,
				8C2E05A71A4AFEF70042C98B /* darken.fsh */,
				8C2E05A81A4AFEF70042C98B /* difference.fsh */,
				8C2E05A91A4AFEF70042C98B /* exclusion.fsh */,
				8C2E05AA1A4AFEF70042C98B /* lighten.fsh */,
				8C2E05AB1A4AFEF70042C98B /* multiply.fsh */,
				8C2E05AC1A4AFEF70042C98B /* normal.fsh */,
				8C2E05AD1A4AFEF70042C98B /* overlay.fsh */,
				8C2E05AE1A4AFEF70042C98B /* screen.fsh */,
			);
			path = Blend;
			sourceTree = "<group>";
		};
		8C33EC90197FA7F000A94FED /* filters */ = {
			isa = PBXGroup;
			children = (
				8CFC41551939CE82006EFC6B /* YangKeFilter.h */,
				8CFC41561939CE82006EFC6B /* YangKeFilter.m */,
				8C33EC91197FAAA800A94FED /* YinKeFilter.h */,
				8C33EC92197FAAA800A94FED /* YinKeFilter.m */,
			);
			name = filters;
			sourceTree = "<group>";
		};
		8C33EC941980B23B00A94FED /* custom_album */ = {
			isa = PBXGroup;
			children = (
				8C33EC951980B24D00A94FED /* ALAssetsLibrary+CustomPhotoAlbum.h */,
				8C33EC961980B24D00A94FED /* ALAssetsLibrary+CustomPhotoAlbum.m */,
			);
			name = custom_album;
			sourceTree = "<group>";
		};
		8C82ECFD193235A10055C5E2 = {
			isa = PBXGroup;
			children = (
				8C82ED0F193235A20055C5E2 /* Papercut */,
				8C82ED2E193235A20055C5E2 /* PapercutTests */,
				8C82ED08193235A20055C5E2 /* Frameworks */,
				8C82ED07193235A20055C5E2 /* Products */,
			);
			sourceTree = "<group>";
		};
		8C82ED07193235A20055C5E2 /* Products */ = {
			isa = PBXGroup;
			children = (
				8C82ED06193235A20055C5E2 /* Papercut.app */,
				8C82ED27193235A20055C5E2 /* PapercutTests.xctest */,
			);
			name = Products;
			sourceTree = "<group>";
		};
		8C82ED08193235A20055C5E2 /* Frameworks */ = {
			isa = PBXGroup;
			children = (
				8C2E06881A4AFF860042C98B /* libz.dylib */,
				8C2E06861A4AFF690042C98B /* CoreText.framework */,
				8C2E06841A4AFF460042C98B /* Accelerate.framework */,
				8C2E06821A4AFF3A0042C98B /* MobileCoreServices.framework */,
				8C2E06801A4AFF2E0042C98B /* AudioToolbox.framework */,
				8CDF16F41933328600112023 /* GPUImage.xcodeproj */,
				8CDF16D91933263E00112023 /* QuartzCore.framework */,
				8CDF16D71933263500112023 /* AVFoundation.framework */,
				8CDF16D51933262F00112023 /* OpenGLES.framework */,
				8CDF16D31933262700112023 /* CoreVideo.framework */,
				8CDF16D11933261D00112023 /* CoreMedia.framework */,
				8C82ED09193235A20055C5E2 /* Foundation.framework */,
				8C82ED0B193235A20055C5E2 /* CoreGraphics.framework */,
				8C82ED0D193235A20055C5E2 /* UIKit.framework */,
				8C82ED28193235A20055C5E2 /* XCTest.framework */,
			);
			name = Frameworks;
			sourceTree = "<group>";
		};
		8C82ED0F193235A20055C5E2 /* Papercut */ = {
			isa = PBXGroup;
			children = (
				8C2E04691A4AFEF60042C98B /* Brushes */,
				8C250CB91934CA3A0089945F /* Camera */,
				8C250CBE1934CAC10089945F /* Learn */,
				8C250CBD1934CA820089945F /* Gallery */,
				8C250CBC1934CA790089945F /* Welcome */,
				8C250CBB1934CA670089945F /* Scrawl */,
				8C82ED18193235A20055C5E2 /* PaperCutAppDelegate.h */,
				8C82ED19193235A20055C5E2 /* PaperCutAppDelegate.m */,
				8C82ED1B193235A20055C5E2 /* Main.storyboard */,
				8C82ED1E193235A20055C5E2 /* RootViewController.h */,
				8C82ED1F193235A20055C5E2 /* RootViewController.m */,
				8C82ED21193235A20055C5E2 /* Images.xcassets */,
				8C82ED10193235A20055C5E2 /* Supporting Files */,
			);
			path = Papercut;
			sourceTree = "<group>";
		};
		8C82ED10193235A20055C5E2 /* Supporting Files */ = {
			isa = PBXGroup;
			children = (
				8C82ED11193235A20055C5E2 /* Papercut-Info.plist */,
				8C82ED12193235A20055C5E2 /* InfoPlist.strings */,
				8C82ED15193235A20055C5E2 /* main.m */,
				8C82ED17193235A20055C5E2 /* Papercut-Prefix.pch */,
			);
			name = "Supporting Files";
			sourceTree = "<group>";
		};
		8C82ED2E193235A20055C5E2 /* PapercutTests */ = {
			isa = PBXGroup;
			children = (
				8C82ED34193235A20055C5E2 /* PapercutTests.m */,
				8C82ED2F193235A20055C5E2 /* Supporting Files */,
			);
			path = PapercutTests;
			sourceTree = "<group>";
		};
		8C82ED2F193235A20055C5E2 /* Supporting Files */ = {
			isa = PBXGroup;
			children = (
				8C82ED30193235A20055C5E2 /* PapercutTests-Info.plist */,
				8C82ED31193235A20055C5E2 /* InfoPlist.strings */,
			);
			name = "Supporting Files";
			sourceTree = "<group>";
		};
		8CD33E9E1981FD0D005B0569 /* UIImage+vImage */ = {
			isa = PBXGroup;
			children = (
				8CD33E9F1981FD0D005B0569 /* UIImage+vImage.h */,
				8CD33EA01981FD0D005B0569 /* UIImage+vImage.m */,
			);
			path = "UIImage+vImage";
			sourceTree = "<group>";
		};
		8CD33EA21981FD80005B0569 /* UIImage+blend */ = {
			isa = PBXGroup;
			children = (
				8CD33EA31981FD80005B0569 /* UIImage+Blend.h */,
				8CD33EA41981FD80005B0569 /* UIImage+Blend.m */,
			);
			path = "UIImage+blend";
			sourceTree = "<group>";
		};
		8CDF16F51933328600112023 /* Products */ = {
			isa = PBXGroup;
			children = (
				8CDF16FB1933328700112023 /* libGPUImage.a */,
				8CDF16FD1933328700112023 /* GPUImageTests.octest */,
			);
			name = Products;
			sourceTree = "<group>";
		};
/* End PBXGroup section */

/* Begin PBXNativeTarget section */
		8C82ED05193235A20055C5E2 /* Papercut */ = {
			isa = PBXNativeTarget;
			buildConfigurationList = 8C82ED38193235A20055C5E2 /* Build configuration list for PBXNativeTarget "Papercut" */;
			buildPhases = (
				8C82ED02193235A20055C5E2 /* Sources */,
				8C82ED03193235A20055C5E2 /* Frameworks */,
				8C82ED04193235A20055C5E2 /* Resources */,
			);
			buildRules = (
			);
			dependencies = (
			);
			name = Papercut;
			productName = Papercut;
			productReference = 8C82ED06193235A20055C5E2 /* Papercut.app */;
			productType = "com.apple.product-type.application";
		};
		8C82ED26193235A20055C5E2 /* PapercutTests */ = {
			isa = PBXNativeTarget;
			buildConfigurationList = 8C82ED3B193235A20055C5E2 /* Build configuration list for PBXNativeTarget "PapercutTests" */;
			buildPhases = (
				8C82ED23193235A20055C5E2 /* Sources */,
				8C82ED24193235A20055C5E2 /* Frameworks */,
				8C82ED25193235A20055C5E2 /* Resources */,
			);
			buildRules = (
			);
			dependencies = (
				8C82ED2D193235A20055C5E2 /* PBXTargetDependency */,
			);
			name = PapercutTests;
			productName = PapercutTests;
			productReference = 8C82ED27193235A20055C5E2 /* PapercutTests.xctest */;
			productType = "com.apple.product-type.bundle.unit-test";
		};
/* End PBXNativeTarget section */

/* Begin PBXProject section */
		8C82ECFE193235A10055C5E2 /* Project object */ = {
			isa = PBXProject;
			attributes = {
				LastUpgradeCheck = 0510;
				ORGANIZATIONNAME = jackie;
				TargetAttributes = {
					8C82ED26193235A20055C5E2 = {
						TestTargetID = 8C82ED05193235A20055C5E2;
					};
				};
			};
			buildConfigurationList = 8C82ED01193235A10055C5E2 /* Build configuration list for PBXProject "Papercut" */;
			compatibilityVersion = "Xcode 3.2";
			developmentRegion = English;
			hasScannedForEncodings = 0;
			knownRegions = (
				en,
				Base,
			);
			mainGroup = 8C82ECFD193235A10055C5E2;
			productRefGroup = 8C82ED07193235A20055C5E2 /* Products */;
			projectDirPath = "";
			projectReferences = (
				{
					ProductGroup = 8CDF16F51933328600112023 /* Products */;
					ProjectRef = 8CDF16F41933328600112023 /* GPUImage.xcodeproj */;
				},
			);
			projectRoot = "";
			targets = (
				8C82ED05193235A20055C5E2 /* Papercut */,
				8C82ED26193235A20055C5E2 /* PapercutTests */,
			);
		};
/* End PBXProject section */

/* Begin PBXReferenceProxy section */
		8CDF16FB1933328700112023 /* libGPUImage.a */ = {
			isa = PBXReferenceProxy;
			fileType = archive.ar;
			path = libGPUImage.a;
			remoteRef = 8CDF16FA1933328700112023 /* PBXContainerItemProxy */;
			sourceTree = BUILT_PRODUCTS_DIR;
		};
		8CDF16FD1933328700112023 /* GPUImageTests.octest */ = {
			isa = PBXReferenceProxy;
			fileType = wrapper.cfbundle;
			path = GPUImageTests.octest;
			remoteRef = 8CDF16FC1933328700112023 /* PBXContainerItemProxy */;
			sourceTree = BUILT_PRODUCTS_DIR;
		};
/* End PBXReferenceProxy section */

/* Begin PBXResourcesBuildPhase section */
		8C82ED04193235A20055C5E2 /* Resources */ = {
			isa = PBXResourcesBuildPhase;
			buildActionMask = 2147483647;
			files = (
				8C2E06701A4AFEF70042C98B /* colorPicker.fsh in Resources */,
				8C2E06611A4AFEF70042C98B /* difference.fsh in Resources */,
				8C2E066C1A4AFEF70042C98B /* blitWithMask.fsh in Resources */,
				8C2E06641A4AFEF70042C98B /* multiply.fsh in Resources */,
				8C2E066F1A4AFEF70042C98B /* colorBalanceBlit.fsh in Resources */,
				8C2E06691A4AFEF70042C98B /* blit.vsh in Resources */,
				8C2E066A1A4AFEF70042C98B /* blitFromHueChromaLuma.fsh in Resources */,
				8C2E06761A4AFEF70042C98B /* merge.fsh in Resources */,
				8C2E06731A4AFEF70042C98B /* desaturate.fsh in Resources */,
				8C2E066E1A4AFEF70042C98B /* brush.vsh in Resources */,
				8C2E06651A4AFEF70042C98B /* normal.fsh in Resources */,
				8C2E06601A4AFEF70042C98B /* darken.fsh in Resources */,
				8C82ED22193235A20055C5E2 /* Images.xcassets in Resources */,
				8C2E066D1A4AFEF70042C98B /* brush.fsh in Resources */,
				8C2E065D1A4AFEF70042C98B /* blend.vsh in Resources */,
				8C2E06621A4AFEF70042C98B /* exclusion.fsh in Resources */,
				8C2E065E1A4AFEF70042C98B /* colorburn.fsh in Resources */,
				8C2E06741A4AFEF70042C98B /* fill.fsh in Resources */,
				8C2E06751A4AFEF70042C98B /* invert.fsh in Resources */,
				8C2E067A1A4AFEF70042C98B /* straightBlit.fsh in Resources */,
				8C2E06791A4AFEF70042C98B /* simple.vsh in Resources */,
				8C2E06661A4AFEF70042C98B /* overlay.fsh in Resources */,
				8C2E06721A4AFEF70042C98B /* compositeWithMask.fsh in Resources */,
				8C2E065F1A4AFEF70042C98B /* colordodge.fsh in Resources */,
				8C2E067C1A4AFEF70042C98B /* unPremultipliedBlit.fsh in Resources */,
				8C2E06631A4AFEF70042C98B /* lighten.fsh in Resources */,
				8C2E06671A4AFEF70042C98B /* screen.fsh in Resources */,
				8C2E067B1A4AFEF70042C98B /* toHueChromaLuma.fsh in Resources */,
				8C2E06781A4AFEF70042C98B /* simple.fsh in Resources */,
				8C82ED14193235A20055C5E2 /* InfoPlist.strings in Resources */,
				8C2E06771A4AFEF70042C98B /* nonPremultipliedBlit.fsh in Resources */,
				8C2E06711A4AFEF70042C98B /* compositeWithEraseMask.fsh in Resources */,
				8C2E066B1A4AFEF70042C98B /* blitWithEraseMask.fsh in Resources */,
				8C2E06681A4AFEF70042C98B /* blit.fsh in Resources */,
				8C82ED1D193235A20055C5E2 /* Main.storyboard in Resources */,
			);
			runOnlyForDeploymentPostprocessing = 0;
		};
		8C82ED25193235A20055C5E2 /* Resources */ = {
			isa = PBXResourcesBuildPhase;
			buildActionMask = 2147483647;
			files = (
				8C82ED33193235A20055C5E2 /* InfoPlist.strings in Resources */,
			);
			runOnlyForDeploymentPostprocessing = 0;
		};
/* End PBXResourcesBuildPhase section */

/* Begin PBXSourcesBuildPhase section */
		8C82ED02193235A20055C5E2 /* Sources */ = {
			isa = PBXSourcesBuildPhase;
			buildActionMask = 2147483647;
			files = (
				8C33EC93197FAAA800A94FED /* YinKeFilter.m in Sources */,
				8CDF16E91933305A00112023 /* ShowCameraViewController.m in Sources */,
				8CD33EA51981FD80005B0569 /* UIImage+Blend.m in Sources */,
				8C82ED20193235A20055C5E2 /* RootViewController.m in Sources */,
				8C84463C193587A5004F4184 /* PCVideoCamera.m in Sources */,
				8CD33EA8198291E8005B0569 /* EditManager.m in Sources */,
				8CD33EA11981FD0D005B0569 /* UIImage+vImage.m in Sources */,
				8C82ED1A193235A20055C5E2 /* PaperCutAppDelegate.m in Sources */,
				8CFC41571939CE82006EFC6B /* YangKeFilter.m in Sources */,
				8C82ED16193235A20055C5E2 /* main.m in Sources */,
				8C33EC9A1980ED2800A94FED /* ImageEditViewController.m in Sources */,
				8C33EC971980B24D00A94FED /* ALAssetsLibrary+CustomPhotoAlbum.m in Sources */,
			);
			runOnlyForDeploymentPostprocessing = 0;
		};
		8C82ED23193235A20055C5E2 /* Sources */ = {
			isa = PBXSourcesBuildPhase;
			buildActionMask = 2147483647;
			files = (
				8C82ED35193235A20055C5E2 /* PapercutTests.m in Sources */,
			);
			runOnlyForDeploymentPostprocessing = 0;
		};
/* End PBXSourcesBuildPhase section */

/* Begin PBXTargetDependency section */
		8C82ED2D193235A20055C5E2 /* PBXTargetDependency */ = {
			isa = PBXTargetDependency;
			target = 8C82ED05193235A20055C5E2 /* Papercut */;
			targetProxy = 8C82ED2C193235A20055C5E2 /* PBXContainerItemProxy */;
		};
/* End PBXTargetDependency section */

/* Begin PBXVariantGroup section */
		8C82ED12193235A20055C5E2 /* InfoPlist.strings */ = {
			isa = PBXVariantGroup;
			children = (
				8C82ED13193235A20055C5E2 /* en */,
			);
			name = InfoPlist.strings;
			sourceTree = "<group>";
		};
		8C82ED1B193235A20055C5E2 /* Main.storyboard */ = {
			isa = PBXVariantGroup;
			children = (
				8C82ED1C193235A20055C5E2 /* Base */,
			);
			name = Main.storyboard;
			sourceTree = "<group>";
		};
		8C82ED31193235A20055C5E2 /* InfoPlist.strings */ = {
			isa = PBXVariantGroup;
			children = (
				8C82ED32193235A20055C5E2 /* en */,
			);
			name = InfoPlist.strings;
			sourceTree = "<group>";
		};
/* End PBXVariantGroup section */

/* Begin XCBuildConfiguration section */
		8C82ED36193235A20055C5E2 /* Debug */ = {
			isa = XCBuildConfiguration;
			buildSettings = {
				ALWAYS_SEARCH_USER_PATHS = NO;
				CLANG_CXX_LANGUAGE_STANDARD = "gnu++0x";
				CLANG_CXX_LIBRARY = "libc++";
				CLANG_ENABLE_MODULES = YES;
				CLANG_ENABLE_OBJC_ARC = YES;
				CLANG_WARN_BOOL_CONVERSION = YES;
				CLANG_WARN_CONSTANT_CONVERSION = YES;
				CLANG_WARN_DIRECT_OBJC_ISA_USAGE = YES_ERROR;
				CLANG_WARN_EMPTY_BODY = YES;
				CLANG_WARN_ENUM_CONVERSION = YES;
				CLANG_WARN_INT_CONVERSION = YES;
				CLANG_WARN_OBJC_ROOT_CLASS = YES_ERROR;
				CLANG_WARN__DUPLICATE_METHOD_MATCH = YES;
				"CODE_SIGN_IDENTITY[sdk=iphoneos*]" = "iPhone Developer";
				COPY_PHASE_STRIP = NO;
				GCC_C_LANGUAGE_STANDARD = gnu99;
				GCC_DYNAMIC_NO_PIC = NO;
				GCC_OPTIMIZATION_LEVEL = 0;
				GCC_PREPROCESSOR_DEFINITIONS = (
					"DEBUG=1",
					"$(inherited)",
				);
				GCC_SYMBOLS_PRIVATE_EXTERN = NO;
				GCC_WARN_64_TO_32_BIT_CONVERSION = YES;
				GCC_WARN_ABOUT_RETURN_TYPE = YES_ERROR;
				GCC_WARN_UNDECLARED_SELECTOR = YES;
				GCC_WARN_UNINITIALIZED_AUTOS = YES_AGGRESSIVE;
				GCC_WARN_UNUSED_FUNCTION = YES;
				GCC_WARN_UNUSED_VARIABLE = YES;
				IPHONEOS_DEPLOYMENT_TARGET = 7.0;
				ONLY_ACTIVE_ARCH = YES;
				SDKROOT = iphoneos;
				USER_HEADER_SEARCH_PATHS = "$(SRCROOT)/framework/**";
			};
			name = Debug;
		};
		8C82ED37193235A20055C5E2 /* Release */ = {
			isa = XCBuildConfiguration;
			buildSettings = {
				ALWAYS_SEARCH_USER_PATHS = NO;
				CLANG_CXX_LANGUAGE_STANDARD = "gnu++0x";
				CLANG_CXX_LIBRARY = "libc++";
				CLANG_ENABLE_MODULES = YES;
				CLANG_ENABLE_OBJC_ARC = YES;
				CLANG_WARN_BOOL_CONVERSION = YES;
				CLANG_WARN_CONSTANT_CONVERSION = YES;
				CLANG_WARN_DIRECT_OBJC_ISA_USAGE = YES_ERROR;
				CLANG_WARN_EMPTY_BODY = YES;
				CLANG_WARN_ENUM_CONVERSION = YES;
				CLANG_WARN_INT_CONVERSION = YES;
				CLANG_WARN_OBJC_ROOT_CLASS = YES_ERROR;
				CLANG_WARN__DUPLICATE_METHOD_MATCH = YES;
				"CODE_SIGN_IDENTITY[sdk=iphoneos*]" = "iPhone Developer";
				COPY_PHASE_STRIP = YES;
				ENABLE_NS_ASSERTIONS = NO;
				GCC_C_LANGUAGE_STANDARD = gnu99;
				GCC_WARN_64_TO_32_BIT_CONVERSION = YES;
				GCC_WARN_ABOUT_RETURN_TYPE = YES_ERROR;
				GCC_WARN_UNDECLARED_SELECTOR = YES;
				GCC_WARN_UNINITIALIZED_AUTOS = YES_AGGRESSIVE;
				GCC_WARN_UNUSED_FUNCTION = YES;
				GCC_WARN_UNUSED_VARIABLE = YES;
				IPHONEOS_DEPLOYMENT_TARGET = 7.0;
				SDKROOT = iphoneos;
				USER_HEADER_SEARCH_PATHS = "$(SRCROOT)/framework/**";
				VALIDATE_PRODUCT = YES;
			};
			name = Release;
		};
		8C82ED39193235A20055C5E2 /* Debug */ = {
			isa = XCBuildConfiguration;
			buildSettings = {
				ASSETCATALOG_COMPILER_APPICON_NAME = AppIcon;
				ASSETCATALOG_COMPILER_LAUNCHIMAGE_NAME = LaunchImage;
				FRAMEWORK_SEARCH_PATHS = (
					"$(inherited)",
					"$(PROJECT_DIR)",
				);
				GCC_PRECOMPILE_PREFIX_HEADER = YES;
				GCC_PREFIX_HEADER = "Papercut/Papercut-Prefix.pch";
				INFOPLIST_FILE = "Papercut/Papercut-Info.plist";
				IPHONEOS_DEPLOYMENT_TARGET = 7.0;
				OTHER_LDFLAGS = (
					"-fobjc-arc",
					"-all_load",
					"-ObjC",
				);
				PRODUCT_NAME = "$(TARGET_NAME)";
				WRAPPER_EXTENSION = app;
			};
			name = Debug;
		};
		8C82ED3A193235A20055C5E2 /* Release */ = {
			isa = XCBuildConfiguration;
			buildSettings = {
				ASSETCATALOG_COMPILER_APPICON_NAME = AppIcon;
				ASSETCATALOG_COMPILER_LAUNCHIMAGE_NAME = LaunchImage;
				FRAMEWORK_SEARCH_PATHS = (
					"$(inherited)",
					"$(PROJECT_DIR)",
				);
				GCC_PRECOMPILE_PREFIX_HEADER = YES;
				GCC_PREFIX_HEADER = "Papercut/Papercut-Prefix.pch";
				INFOPLIST_FILE = "Papercut/Papercut-Info.plist";
				IPHONEOS_DEPLOYMENT_TARGET = 7.0;
				OTHER_LDFLAGS = (
					"-fobjc-arc",
					"-all_load",
					"-ObjC",
				);
				PRODUCT_NAME = "$(TARGET_NAME)";
				WRAPPER_EXTENSION = app;
			};
			name = Release;
		};
		8C82ED3C193235A20055C5E2 /* Debug */ = {
			isa = XCBuildConfiguration;
			buildSettings = {
				BUNDLE_LOADER = "$(BUILT_PRODUCTS_DIR)/Papercut.app/Papercut";
				FRAMEWORK_SEARCH_PATHS = (
					"$(SDKROOT)/Developer/Library/Frameworks",
					"$(inherited)",
					"$(DEVELOPER_FRAMEWORKS_DIR)",
				);
				GCC_PRECOMPILE_PREFIX_HEADER = YES;
				GCC_PREFIX_HEADER = "Papercut/Papercut-Prefix.pch";
				GCC_PREPROCESSOR_DEFINITIONS = (
					"DEBUG=1",
					"$(inherited)",
				);
				INFOPLIST_FILE = "PapercutTests/PapercutTests-Info.plist";
				PRODUCT_NAME = "$(TARGET_NAME)";
				TEST_HOST = "$(BUNDLE_LOADER)";
				WRAPPER_EXTENSION = xctest;
			};
			name = Debug;
		};
		8C82ED3D193235A20055C5E2 /* Release */ = {
			isa = XCBuildConfiguration;
			buildSettings = {
				BUNDLE_LOADER = "$(BUILT_PRODUCTS_DIR)/Papercut.app/Papercut";
				FRAMEWORK_SEARCH_PATHS = (
					"$(SDKROOT)/Developer/Library/Frameworks",
					"$(inherited)",
					"$(DEVELOPER_FRAMEWORKS_DIR)",
				);
				GCC_PRECOMPILE_PREFIX_HEADER = YES;
				GCC_PREFIX_HEADER = "Papercut/Papercut-Prefix.pch";
				INFOPLIST_FILE = "PapercutTests/PapercutTests-Info.plist";
				PRODUCT_NAME = "$(TARGET_NAME)";
				TEST_HOST = "$(BUNDLE_LOADER)";
				WRAPPER_EXTENSION = xctest;
			};
			name = Release;
		};
/* End XCBuildConfiguration section */

/* Begin XCConfigurationList section */
		8C82ED01193235A10055C5E2 /* Build configuration list for PBXProject "Papercut" */ = {
			isa = XCConfigurationList;
			buildConfigurations = (
				8C82ED36193235A20055C5E2 /* Debug */,
				8C82ED37193235A20055C5E2 /* Release */,
			);
			defaultConfigurationIsVisible = 0;
			defaultConfigurationName = Release;
		};
		8C82ED38193235A20055C5E2 /* Build configuration list for PBXNativeTarget "Papercut" */ = {
			isa = XCConfigurationList;
			buildConfigurations = (
				8C82ED39193235A20055C5E2 /* Debug */,
				8C82ED3A193235A20055C5E2 /* Release */,
			);
			defaultConfigurationIsVisible = 0;
			defaultConfigurationName = Release;
		};
		8C82ED3B193235A20055C5E2 /* Build configuration list for PBXNativeTarget "PapercutTests" */ = {
			isa = XCConfigurationList;
			buildConfigurations = (
				8C82ED3C193235A20055C5E2 /* Debug */,
				8C82ED3D193235A20055C5E2 /* Release */,
			);
			defaultConfigurationIsVisible = 0;
			defaultConfigurationName = Release;
		};
/* End XCConfigurationList section */
	};
	rootObject = 8C82ECFE193235A10055C5E2 /* Project object */;
}
